
Microsoft Visual Studio Solution File, Format Version 12.00
# Visual Studio 15
VisualStudioVersion = 15.0.27703.2042
MinimumVisualStudioVersion = 10.0.40219.1
Project("{FAE04EC0-301F-11D3-BF4B-00C04F79EFBC}") = "PractTask1", "PractTask1\PractTask1.csproj", "{8DE82F20-B199-47E7-B15A-F31684BCA641}"
EndProject
Project("{FAE04EC0-301F-11D3-BF4B-00C04F79EFBC}") = "HomeWork1", "HomeWork1\HomeWork1.csproj", "{00451D96-403D-4A07-B8B5-4466324898F2}"
EndProject
Global
	GlobalSection(SolutionConfigurationPlatforms) = preSolution
		Debug|Any CPU = Debug|Any CPU
		Release|Any CPU = Release|Any CPU
	EndGlobalSection
	GlobalSection(ProjectConfigurationPlatforms) = postSolution
		{8DE82F20-B199-47E7-B15A-F31684BCA641}.Debug|Any CPU.ActiveCfg = Debug|Any CPU
		{8DE82F20-B199-47E7-B15A-F31684BCA641}.Debug|Any CPU.Build.0 = Debug|Any CPU
		{8DE82F20-B199-47E7-B15A-F31684BCA641}.Release|Any CPU.ActiveCfg = Release|Any CPU
		{8DE82F20-B199-47E7-B15A-F31684BCA641}.Release|Any CPU.Build.0 = Release|Any CPU
		{00451D96-403D-4A07-B8B5-4466324898F2}.Debug|Any CPU.ActiveCfg = Debug|Any CPU
		{00451D96-403D-4A07-B8B5-4466324898F2}.Debug|Any CPU.Build.0 = Debug|Any CPU
		{00451D96-403D-4A07-B8B5-4466324898F2}.Release|Any CPU.ActiveCfg = Release|Any CPU
		{00451D96-403D-4A07-B8B5-4466324898F2}.Release|Any CPU.Build.0 = Release|Any CPU
	EndGlobalSection
	GlobalSection(SolutionProperties) = preSolution
		HideSolutionNode = FALSE
	EndGlobalSection
	GlobalSection(ExtensibilityGlobals) = postSolution
		SolutionGuid = {4CDCA782-ABCD-4AE5-8DD0-ECDB7DE749D6}
	EndGlobalSection
EndGlobal
